
Microsoft Visual Studio Solution File, Format Version 12.00
# Visual Studio 14
VisualStudioVersion = 14.0.23107.0
MinimumVisualStudioVersion = 10.0.40219.1
Project("{FAE04EC0-301F-11D3-BF4B-00C04F79EFBC}") = "Mod02_01", "Mod02_01\Mod02_01.csproj", "{13C16C41-46A6-451D-801B-0BA60CCAB78E}"
EndProject
Global
	GlobalSection(SolutionConfigurationPlatforms) = preSolution
		Debug|Any CPU = Debug|Any CPU
		Release|Any CPU = Release|Any CPU
	EndGlobalSection
	GlobalSection(ProjectConfigurationPlatforms) = postSolution
		{13C16C41-46A6-451D-801B-0BA60CCAB78E}.Debug|Any CPU.ActiveCfg = Debug|Any CPU
		{13C16C41-46A6-451D-801B-0BA60CCAB78E}.Debug|Any CPU.Build.0 = Debug|Any CPU
		{13C16C41-46A6-451D-801B-0BA60CCAB78E}.Release|Any CPU.ActiveCfg = Release|Any CPU
		{13C16C41-46A6-451D-801B-0BA60CCAB78E}.Release|Any CPU.Build.0 = Release|Any CPU
	EndGlobalSection
	GlobalSection(SolutionProperties) = preSolution
		HideSolutionNode = FALSE
	EndGlobalSection
EndGlobal
